
Microsoft Visual Studio Solution File, Format Version 12.00
# Visual Studio Version 17
VisualStudioVersion = 17.0.32014.148
MinimumVisualStudioVersion = 10.0.40219.1
Project("{FAE04EC0-301F-11D3-BF4B-00C04F79EFBC}") = "Hospital_management", "Hospital_management\Hospital_management.csproj", "{032824AF-74E7-4169-840C-8E17057634B0}"
EndProject
Global
	GlobalSection(SolutionConfigurationPlatforms) = preSolution
		Debug|Any CPU = Debug|Any CPU
		Release|Any CPU = Release|Any CPU
	EndGlobalSection
	GlobalSection(ProjectConfigurationPlatforms) = postSolution
		{032824AF-74E7-4169-840C-8E17057634B0}.Debug|Any CPU.ActiveCfg = Debug|Any CPU
		{032824AF-74E7-4169-840C-8E17057634B0}.Debug|Any CPU.Build.0 = Debug|Any CPU
		{032824AF-74E7-4169-840C-8E17057634B0}.Release|Any CPU.ActiveCfg = Release|Any CPU
		{032824AF-74E7-4169-840C-8E17057634B0}.Release|Any CPU.Build.0 = Release|Any CPU
	EndGlobalSection
	GlobalSection(SolutionProperties) = preSolution
		HideSolutionNode = FALSE
	EndGlobalSection
	GlobalSection(ExtensibilityGlobals) = postSolution
		SolutionGuid = {5E5B7BE1-4664-4A6D-A83D-1D4571729C18}
	EndGlobalSection
EndGlobal
